
Microsoft Visual Studio Solution File, Format Version 12.00
# Visual Studio Version 17
VisualStudioVersion = 17.14.36518.9 d17.14
MinimumVisualStudioVersion = 10.0.40219.1
Project("{FAE04EC0-301F-11D3-BF4B-00C04F79EFBC}") = "WpfSteamDownloader", "WpfSteamDownloader\WpfSteamDownloader.csproj", "{7AAB41F2-14EB-4009-93B4-9B6A6EC4956E}"
EndProject
Global
	GlobalSection(SolutionConfigurationPlatforms) = preSolution
		Debug|Any CPU = Debug|Any CPU
		Release|Any CPU = Release|Any CPU
	EndGlobalSection
	GlobalSection(ProjectConfigurationPlatforms) = postSolution
		{7AAB41F2-14EB-4009-93B4-9B6A6EC4956E}.Debug|Any CPU.ActiveCfg = Debug|Any CPU
		{7AAB41F2-14EB-4009-93B4-9B6A6EC4956E}.Debug|Any CPU.Build.0 = Debug|Any CPU
		{7AAB41F2-14EB-4009-93B4-9B6A6EC4956E}.Release|Any CPU.ActiveCfg = Release|Any CPU
		{7AAB41F2-14EB-4009-93B4-9B6A6EC4956E}.Release|Any CPU.Build.0 = Release|Any CPU
	EndGlobalSection
	GlobalSection(SolutionProperties) = preSolution
		HideSolutionNode = FALSE
	EndGlobalSection
	GlobalSection(ExtensibilityGlobals) = postSolution
		SolutionGuid = {B2FCFC97-6043-4D56-A43B-8106C45A3556}
	EndGlobalSection
EndGlobal
